
Microsoft Visual Studio Solution File, Format Version 12.00
# Visual Studio 15
VisualStudioVersion = 15.0.27130.2036
MinimumVisualStudioVersion = 10.0.40219.1
Project("{9A19103F-16F7-4668-BE54-9A1E7A4F7556}") = "bgTeam.Core", "src\bgTeam.Core\bgTeam.Core.csproj", "{376939B6-B2F0-4CA7-9A3E-48E193AA906F}"
EndProject
Project("{2150E333-8FDC-42A3-9474-1A3956D46DE8}") = "Main", "Main", "{69DFCB1E-89C8-4DCE-82DE-8E5A13DE9820}"
EndProject
Project("{9A19103F-16F7-4668-BE54-9A1E7A4F7556}") = "bgTeam.DataAccess", "src\bgTeam.DataAccess\bgTeam.DataAccess.csproj", "{AC8A6101-D6AE-44D8-B60D-E0E7E8758B0F}"
EndProject
Project("{9A19103F-16F7-4668-BE54-9A1E7A4F7556}") = "bgTeam.Web", "src\bgTeam.Web\bgTeam.Web.csproj", "{C69E61C8-3102-4409-8726-DE3AA72D1C19}"
EndProject
Project("{2150E333-8FDC-42A3-9474-1A3956D46DE8}") = "Tests", "Tests", "{98CD1A87-4AF2-4E26-A796-9B6014F41129}"
EndProject
Project("{9A19103F-16F7-4668-BE54-9A1E7A4F7556}") = "Test.bgTeam.Web", "tests\Test.bgTeam.Web\Test.bgTeam.Web.csproj", "{C187CD3B-0680-4C2F-82F2-AD1FACE67355}"
EndProject
Project("{9A19103F-16F7-4668-BE54-9A1E7A4F7556}") = "Test.bgTeam.Core", "tests\Test.bgTeam.Core\Test.bgTeam.Core.csproj", "{A0DFC179-4239-4489-B4EF-AA1DF9D192A4}"
EndProject
Project("{2150E333-8FDC-42A3-9474-1A3956D46DE8}") = "Items", "Items", "{A1E57A12-E301-41F4-8E16-FB43377454FE}"
	ProjectSection(SolutionItems) = preProject
		appveyor.yml = appveyor.yml
		coverage.bat = coverage.bat
		README.md = README.md
	EndProjectSection
EndProject
Project("{2150E333-8FDC-42A3-9474-1A3956D46DE8}") = "build", "build", "{A7A63DD1-4260-4402-84D7-B70F22FA66B7}"
	ProjectSection(SolutionItems) = preProject
		build\build.cake = build\build.cake
		build\build.ps1 = build\build.ps1
		build\build.sh = build\build.sh
	EndProjectSection
EndProject
Project("{9A19103F-16F7-4668-BE54-9A1E7A4F7556}") = "bgTeam.Esb", "src\bgTeam.Core.Esb\bgTeam.Esb.csproj", "{EFFD081A-E969-4A69-A15C-D266D7F546E8}"
EndProject
Project("{9A19103F-16F7-4668-BE54-9A1E7A4F7556}") = "bgTeam.Impl.Rabbit", "src\bgTeam.Impl.Rabbit\bgTeam.Impl.Rabbit.csproj", "{8B5DDBF5-151E-4E50-96C4-F02FECEBFE04}"
EndProject
Project("{9A19103F-16F7-4668-BE54-9A1E7A4F7556}") = "bgTeam.Impl.Serilog", "src\bgTeam.Impl.Serilog\bgTeam.Impl.Serilog.csproj", "{5195FF2B-1732-4EF3-A843-9F28FC7A8D99}"
EndProject
Project("{2150E333-8FDC-42A3-9474-1A3956D46DE8}") = "Main.Impl", "Main.Impl", "{8782A6D2-30DE-4725-8C7B-C085738A9014}"
EndProject
Project("{9A19103F-16F7-4668-BE54-9A1E7A4F7556}") = "bgTeam.Queues", "src\bgTeam.Queues\bgTeam.Queues.csproj", "{2548816B-AEAD-4FB2-9EBD-C5E7AB53DE65}"
EndProject
Project("{9A19103F-16F7-4668-BE54-9A1E7A4F7556}") = "bgTeam.Impl.Dapper", "src\bgTeam.Impl.Dapper\bgTeam.Impl.Dapper.csproj", "{3FB8CAB0-8BAF-4EDC-B2B8-3C87196282A5}"
EndProject
Project("{9A19103F-16F7-4668-BE54-9A1E7A4F7556}") = "bgTeam.Impl.MsSql", "src\bgTeam.Impl.MsSql\bgTeam.Impl.MsSql.csproj", "{CD1E4DA4-D078-4A6B-9C07-DF38377B5D63}"
EndProject
Project("{9A19103F-16F7-4668-BE54-9A1E7A4F7556}") = "bgTeam.Impl.Oracle", "src\bgTeam.Impl.Oracle\bgTeam.Impl.Oracle.csproj", "{AD0FAB63-0E69-4B1D-9697-BD46C0A5575F}"
EndProject
Project("{2150E333-8FDC-42A3-9474-1A3956D46DE8}") = "DataAccess", "DataAccess", "{31178BA8-BE59-44AF-B181-EB391CE7B580}"
EndProject
Project("{9A19103F-16F7-4668-BE54-9A1E7A4F7556}") = "bgTeam.Impl.Sqlite", "src\bgTeam.Impl.Sqlite\bgTeam.Impl.Sqlite.csproj", "{1C6B4F8A-68E2-4E06-B28F-254F458877DE}"
EndProject
Project("{9A19103F-16F7-4668-BE54-9A1E7A4F7556}") = "bgTeam.Impl.Log4Net", "src\bgTeam.Impl.Log4Net\bgTeam.Impl.Log4Net.csproj", "{F81DFFD4-B569-4D78-A9C6-D83341ACC349}"
EndProject
Project("{2150E333-8FDC-42A3-9474-1A3956D46DE8}") = "Loggers", "Loggers", "{802EE5C1-FFF3-4BF6-97B0-B72DF9350890}"
EndProject
Project("{9A19103F-16F7-4668-BE54-9A1E7A4F7556}") = "Test.bgTeam.Impl.Rabbit", "tests\Test.bgTeam.Impl.Rabbit\Test.bgTeam.Impl.Rabbit.csproj", "{742B8A47-F1DF-4975-8C9F-00670B297E78}"
EndProject
Project("{9A19103F-16F7-4668-BE54-9A1E7A4F7556}") = "bgTeam.ProjectTemplate", "src\bgTeam.ProjectTemplate\bgTeam.ProjectTemplate.csproj", "{D347E2C5-9260-4E5B-8458-8117942E5AED}"
EndProject
Project("{2150E333-8FDC-42A3-9474-1A3956D46DE8}") = "develop", "develop", "{219D0E58-CFCA-4657-B488-2BAA0571D991}"
EndProject
Project("{9A19103F-16F7-4668-BE54-9A1E7A4F7556}") = "bgTeam.ProjectTemplate.Tests", "tests\bgTeam.ProjectTemplate.Tests\bgTeam.ProjectTemplate.Tests.csproj", "{869EB4D1-9604-4E7D-8D8B-D5641D5E31C7}"
EndProject
Project("{9A19103F-16F7-4668-BE54-9A1E7A4F7556}") = "bgTeam.Impl.PostgreSQL", "src\bgTeam.Impl.PostgreSQL\bgTeam.Impl.PostgreSQL.csproj", "{9800E06E-9818-442F-B5DA-04204A376639}"
EndProject
Project("{9A19103F-16F7-4668-BE54-9A1E7A4F7556}") = "Test.bgTeam.Impl.Dapper", "tests\Test.bgTeam.Impl.Dapper\Test.bgTeam.Impl.Dapper.csproj", "{9C426BCA-60F8-4727-92AC-05300F05E443}"
EndProject
Project("{9A19103F-16F7-4668-BE54-9A1E7A4F7556}") = "bgTeam.Impl.Quartz", "src\bgTeam.Impl.Quartz\bgTeam.Impl.Quartz.csproj", "{801D502D-B0A8-44C7-A576-66A8951A7A78}"
EndProject
Project("{9A19103F-16F7-4668-BE54-9A1E7A4F7556}") = "bgTeam.Impl.ElasticSearch", "src\bgTeam.Impl.ElasticSearch\bgTeam.Impl.ElasticSearch.csproj", "{6A95151E-5212-4298-9935-8A287F5DFB49}"
EndProject
Project("{2150E333-8FDC-42A3-9474-1A3956D46DE8}") = "SSO", "SSO", "{5A0DAB44-86A5-4448-AFE7-8ABB0ED9CC19}"
EndProject
Project("{9A19103F-16F7-4668-BE54-9A1E7A4F7556}") = "bgTeam.SSO.Client", "src\bgTeam.SSO.Client\bgTeam.SSO.Client.csproj", "{697B73DB-67C5-4C74-AFD3-E0A00398321C}"
EndProject
Project("{9A19103F-16F7-4668-BE54-9A1E7A4F7556}") = "bgTeam.SSO.Sample", "src\bgTeam.SSO.Sample\bgTeam.SSO.Sample.csproj", "{8AEBF6BA-DE85-4C81-95DD-249138EE65E9}"
EndProject
Project("{FAE04EC0-301F-11D3-BF4B-00C04F79EFBC}") = "bgTeam.Impl.MongoDB", "src\bgTeam.Impl.MongoDB\bgTeam.Impl.MongoDB.csproj", "{A45944CA-4476-4557-A247-A485929CAB1D}"
EndProject
Project("{FAE04EC0-301F-11D3-BF4B-00C04F79EFBC}") = "bgTeam.Impl.Memory", "src\bgTeam.Impl.Memory\bgTeam.Impl.Memory.csproj", "{187B61BC-1EF7-4796-BF7D-2E7201FCCD80}"
EndProject
Global
	GlobalSection(SolutionConfigurationPlatforms) = preSolution
		Debug|Any CPU = Debug|Any CPU
		Release|Any CPU = Release|Any CPU
	EndGlobalSection
	GlobalSection(ProjectConfigurationPlatforms) = postSolution
		{376939B6-B2F0-4CA7-9A3E-48E193AA906F}.Debug|Any CPU.ActiveCfg = Debug|Any CPU
		{376939B6-B2F0-4CA7-9A3E-48E193AA906F}.Debug|Any CPU.Build.0 = Debug|Any CPU
		{376939B6-B2F0-4CA7-9A3E-48E193AA906F}.Release|Any CPU.ActiveCfg = Release|Any CPU
		{376939B6-B2F0-4CA7-9A3E-48E193AA906F}.Release|Any CPU.Build.0 = Release|Any CPU
		{AC8A6101-D6AE-44D8-B60D-E0E7E8758B0F}.Debug|Any CPU.ActiveCfg = Debug|Any CPU
		{AC8A6101-D6AE-44D8-B60D-E0E7E8758B0F}.Debug|Any CPU.Build.0 = Debug|Any CPU
		{AC8A6101-D6AE-44D8-B60D-E0E7E8758B0F}.Release|Any CPU.ActiveCfg = Release|Any CPU
		{AC8A6101-D6AE-44D8-B60D-E0E7E8758B0F}.Release|Any CPU.Build.0 = Release|Any CPU
		{C69E61C8-3102-4409-8726-DE3AA72D1C19}.Debug|Any CPU.ActiveCfg = Debug|Any CPU
		{C69E61C8-3102-4409-8726-DE3AA72D1C19}.Debug|Any CPU.Build.0 = Debug|Any CPU
		{C69E61C8-3102-4409-8726-DE3AA72D1C19}.Release|Any CPU.ActiveCfg = Release|Any CPU
		{C69E61C8-3102-4409-8726-DE3AA72D1C19}.Release|Any CPU.Build.0 = Release|Any CPU
		{C187CD3B-0680-4C2F-82F2-AD1FACE67355}.Debug|Any CPU.ActiveCfg = Debug|Any CPU
		{C187CD3B-0680-4C2F-82F2-AD1FACE67355}.Debug|Any CPU.Build.0 = Debug|Any CPU
		{C187CD3B-0680-4C2F-82F2-AD1FACE67355}.Release|Any CPU.ActiveCfg = Release|Any CPU
		{C187CD3B-0680-4C2F-82F2-AD1FACE67355}.Release|Any CPU.Build.0 = Release|Any CPU
		{A0DFC179-4239-4489-B4EF-AA1DF9D192A4}.Debug|Any CPU.ActiveCfg = Debug|Any CPU
		{A0DFC179-4239-4489-B4EF-AA1DF9D192A4}.Debug|Any CPU.Build.0 = Debug|Any CPU
		{A0DFC179-4239-4489-B4EF-AA1DF9D192A4}.Release|Any CPU.ActiveCfg = Release|Any CPU
		{A0DFC179-4239-4489-B4EF-AA1DF9D192A4}.Release|Any CPU.Build.0 = Release|Any CPU
		{EFFD081A-E969-4A69-A15C-D266D7F546E8}.Debug|Any CPU.ActiveCfg = Debug|Any CPU
		{EFFD081A-E969-4A69-A15C-D266D7F546E8}.Debug|Any CPU.Build.0 = Debug|Any CPU
		{EFFD081A-E969-4A69-A15C-D266D7F546E8}.Release|Any CPU.ActiveCfg = Release|Any CPU
		{EFFD081A-E969-4A69-A15C-D266D7F546E8}.Release|Any CPU.Build.0 = Release|Any CPU
		{8B5DDBF5-151E-4E50-96C4-F02FECEBFE04}.Debug|Any CPU.ActiveCfg = Debug|Any CPU
		{8B5DDBF5-151E-4E50-96C4-F02FECEBFE04}.Debug|Any CPU.Build.0 = Debug|Any CPU
		{8B5DDBF5-151E-4E50-96C4-F02FECEBFE04}.Release|Any CPU.ActiveCfg = Release|Any CPU
		{8B5DDBF5-151E-4E50-96C4-F02FECEBFE04}.Release|Any CPU.Build.0 = Release|Any CPU
		{5195FF2B-1732-4EF3-A843-9F28FC7A8D99}.Debug|Any CPU.ActiveCfg = Debug|Any CPU
		{5195FF2B-1732-4EF3-A843-9F28FC7A8D99}.Debug|Any CPU.Build.0 = Debug|Any CPU
		{5195FF2B-1732-4EF3-A843-9F28FC7A8D99}.Release|Any CPU.ActiveCfg = Release|Any CPU
		{5195FF2B-1732-4EF3-A843-9F28FC7A8D99}.Release|Any CPU.Build.0 = Release|Any CPU
		{2548816B-AEAD-4FB2-9EBD-C5E7AB53DE65}.Debug|Any CPU.ActiveCfg = Debug|Any CPU
		{2548816B-AEAD-4FB2-9EBD-C5E7AB53DE65}.Debug|Any CPU.Build.0 = Debug|Any CPU
		{2548816B-AEAD-4FB2-9EBD-C5E7AB53DE65}.Release|Any CPU.ActiveCfg = Release|Any CPU
		{2548816B-AEAD-4FB2-9EBD-C5E7AB53DE65}.Release|Any CPU.Build.0 = Release|Any CPU
		{3FB8CAB0-8BAF-4EDC-B2B8-3C87196282A5}.Debug|Any CPU.ActiveCfg = Debug|Any CPU
		{3FB8CAB0-8BAF-4EDC-B2B8-3C87196282A5}.Debug|Any CPU.Build.0 = Debug|Any CPU
		{3FB8CAB0-8BAF-4EDC-B2B8-3C87196282A5}.Release|Any CPU.ActiveCfg = Release|Any CPU
		{3FB8CAB0-8BAF-4EDC-B2B8-3C87196282A5}.Release|Any CPU.Build.0 = Release|Any CPU
		{CD1E4DA4-D078-4A6B-9C07-DF38377B5D63}.Debug|Any CPU.ActiveCfg = Debug|Any CPU
		{CD1E4DA4-D078-4A6B-9C07-DF38377B5D63}.Debug|Any CPU.Build.0 = Debug|Any CPU
		{CD1E4DA4-D078-4A6B-9C07-DF38377B5D63}.Release|Any CPU.ActiveCfg = Release|Any CPU
		{CD1E4DA4-D078-4A6B-9C07-DF38377B5D63}.Release|Any CPU.Build.0 = Release|Any CPU
		{AD0FAB63-0E69-4B1D-9697-BD46C0A5575F}.Debug|Any CPU.ActiveCfg = Debug|Any CPU
		{AD0FAB63-0E69-4B1D-9697-BD46C0A5575F}.Debug|Any CPU.Build.0 = Debug|Any CPU
		{AD0FAB63-0E69-4B1D-9697-BD46C0A5575F}.Release|Any CPU.ActiveCfg = Release|Any CPU
		{AD0FAB63-0E69-4B1D-9697-BD46C0A5575F}.Release|Any CPU.Build.0 = Release|Any CPU
		{1C6B4F8A-68E2-4E06-B28F-254F458877DE}.Debug|Any CPU.ActiveCfg = Debug|Any CPU
		{1C6B4F8A-68E2-4E06-B28F-254F458877DE}.Debug|Any CPU.Build.0 = Debug|Any CPU
		{1C6B4F8A-68E2-4E06-B28F-254F458877DE}.Release|Any CPU.ActiveCfg = Release|Any CPU
		{1C6B4F8A-68E2-4E06-B28F-254F458877DE}.Release|Any CPU.Build.0 = Release|Any CPU
		{F81DFFD4-B569-4D78-A9C6-D83341ACC349}.Debug|Any CPU.ActiveCfg = Debug|Any CPU
		{F81DFFD4-B569-4D78-A9C6-D83341ACC349}.Debug|Any CPU.Build.0 = Debug|Any CPU
		{F81DFFD4-B569-4D78-A9C6-D83341ACC349}.Release|Any CPU.ActiveCfg = Release|Any CPU
		{F81DFFD4-B569-4D78-A9C6-D83341ACC349}.Release|Any CPU.Build.0 = Release|Any CPU
		{742B8A47-F1DF-4975-8C9F-00670B297E78}.Debug|Any CPU.ActiveCfg = Debug|Any CPU
		{742B8A47-F1DF-4975-8C9F-00670B297E78}.Debug|Any CPU.Build.0 = Debug|Any CPU
		{742B8A47-F1DF-4975-8C9F-00670B297E78}.Release|Any CPU.ActiveCfg = Release|Any CPU
		{742B8A47-F1DF-4975-8C9F-00670B297E78}.Release|Any CPU.Build.0 = Release|Any CPU
		{D347E2C5-9260-4E5B-8458-8117942E5AED}.Debug|Any CPU.ActiveCfg = Debug|Any CPU
		{D347E2C5-9260-4E5B-8458-8117942E5AED}.Debug|Any CPU.Build.0 = Debug|Any CPU
		{D347E2C5-9260-4E5B-8458-8117942E5AED}.Release|Any CPU.ActiveCfg = Release|Any CPU
		{D347E2C5-9260-4E5B-8458-8117942E5AED}.Release|Any CPU.Build.0 = Release|Any CPU
		{869EB4D1-9604-4E7D-8D8B-D5641D5E31C7}.Debug|Any CPU.ActiveCfg = Debug|Any CPU
		{869EB4D1-9604-4E7D-8D8B-D5641D5E31C7}.Debug|Any CPU.Build.0 = Debug|Any CPU
		{869EB4D1-9604-4E7D-8D8B-D5641D5E31C7}.Release|Any CPU.ActiveCfg = Release|Any CPU
		{869EB4D1-9604-4E7D-8D8B-D5641D5E31C7}.Release|Any CPU.Build.0 = Release|Any CPU
		{9800E06E-9818-442F-B5DA-04204A376639}.Debug|Any CPU.ActiveCfg = Debug|Any CPU
		{9800E06E-9818-442F-B5DA-04204A376639}.Debug|Any CPU.Build.0 = Debug|Any CPU
		{9800E06E-9818-442F-B5DA-04204A376639}.Release|Any CPU.ActiveCfg = Release|Any CPU
		{9800E06E-9818-442F-B5DA-04204A376639}.Release|Any CPU.Build.0 = Release|Any CPU
		{9C426BCA-60F8-4727-92AC-05300F05E443}.Debug|Any CPU.ActiveCfg = Debug|Any CPU
		{9C426BCA-60F8-4727-92AC-05300F05E443}.Debug|Any CPU.Build.0 = Debug|Any CPU
		{9C426BCA-60F8-4727-92AC-05300F05E443}.Release|Any CPU.ActiveCfg = Release|Any CPU
		{9C426BCA-60F8-4727-92AC-05300F05E443}.Release|Any CPU.Build.0 = Release|Any CPU
		{801D502D-B0A8-44C7-A576-66A8951A7A78}.Debug|Any CPU.ActiveCfg = Debug|Any CPU
		{801D502D-B0A8-44C7-A576-66A8951A7A78}.Debug|Any CPU.Build.0 = Debug|Any CPU
		{801D502D-B0A8-44C7-A576-66A8951A7A78}.Release|Any CPU.ActiveCfg = Release|Any CPU
		{801D502D-B0A8-44C7-A576-66A8951A7A78}.Release|Any CPU.Build.0 = Release|Any CPU
		{6A95151E-5212-4298-9935-8A287F5DFB49}.Debug|Any CPU.ActiveCfg = Debug|Any CPU
		{6A95151E-5212-4298-9935-8A287F5DFB49}.Debug|Any CPU.Build.0 = Debug|Any CPU
		{6A95151E-5212-4298-9935-8A287F5DFB49}.Release|Any CPU.ActiveCfg = Release|Any CPU
		{6A95151E-5212-4298-9935-8A287F5DFB49}.Release|Any CPU.Build.0 = Release|Any CPU
		{697B73DB-67C5-4C74-AFD3-E0A00398321C}.Debug|Any CPU.ActiveCfg = Debug|Any CPU
		{697B73DB-67C5-4C74-AFD3-E0A00398321C}.Debug|Any CPU.Build.0 = Debug|Any CPU
		{697B73DB-67C5-4C74-AFD3-E0A00398321C}.Release|Any CPU.ActiveCfg = Release|Any CPU
		{697B73DB-67C5-4C74-AFD3-E0A00398321C}.Release|Any CPU.Build.0 = Release|Any CPU
		{8AEBF6BA-DE85-4C81-95DD-249138EE65E9}.Debug|Any CPU.ActiveCfg = Debug|Any CPU
		{8AEBF6BA-DE85-4C81-95DD-249138EE65E9}.Debug|Any CPU.Build.0 = Debug|Any CPU
		{8AEBF6BA-DE85-4C81-95DD-249138EE65E9}.Release|Any CPU.ActiveCfg = Release|Any CPU
		{8AEBF6BA-DE85-4C81-95DD-249138EE65E9}.Release|Any CPU.Build.0 = Release|Any CPU
		{A45944CA-4476-4557-A247-A485929CAB1D}.Debug|Any CPU.ActiveCfg = Debug|Any CPU
		{A45944CA-4476-4557-A247-A485929CAB1D}.Debug|Any CPU.Build.0 = Debug|Any CPU
		{A45944CA-4476-4557-A247-A485929CAB1D}.Release|Any CPU.ActiveCfg = Release|Any CPU
		{A45944CA-4476-4557-A247-A485929CAB1D}.Release|Any CPU.Build.0 = Release|Any CPU
		{187B61BC-1EF7-4796-BF7D-2E7201FCCD80}.Debug|Any CPU.ActiveCfg = Debug|Any CPU
		{187B61BC-1EF7-4796-BF7D-2E7201FCCD80}.Debug|Any CPU.Build.0 = Debug|Any CPU
		{187B61BC-1EF7-4796-BF7D-2E7201FCCD80}.Release|Any CPU.ActiveCfg = Release|Any CPU
		{187B61BC-1EF7-4796-BF7D-2E7201FCCD80}.Release|Any CPU.Build.0 = Release|Any CPU
	EndGlobalSection
	GlobalSection(SolutionProperties) = preSolution
		HideSolutionNode = FALSE
	EndGlobalSection
	GlobalSection(NestedProjects) = preSolution
		{187B61BC-1EF7-4796-BF7D-2E7201FCCD80} = {31178BA8-BE59-44AF-B181-EB391CE7B580}
		{376939B6-B2F0-4CA7-9A3E-48E193AA906F} = {69DFCB1E-89C8-4DCE-82DE-8E5A13DE9820}
		{AC8A6101-D6AE-44D8-B60D-E0E7E8758B0F} = {69DFCB1E-89C8-4DCE-82DE-8E5A13DE9820}
		{C69E61C8-3102-4409-8726-DE3AA72D1C19} = {69DFCB1E-89C8-4DCE-82DE-8E5A13DE9820}
		{C187CD3B-0680-4C2F-82F2-AD1FACE67355} = {98CD1A87-4AF2-4E26-A796-9B6014F41129}
		{A0DFC179-4239-4489-B4EF-AA1DF9D192A4} = {98CD1A87-4AF2-4E26-A796-9B6014F41129}
		{A7A63DD1-4260-4402-84D7-B70F22FA66B7} = {A1E57A12-E301-41F4-8E16-FB43377454FE}
		{EFFD081A-E969-4A69-A15C-D266D7F546E8} = {69DFCB1E-89C8-4DCE-82DE-8E5A13DE9820}
		{8B5DDBF5-151E-4E50-96C4-F02FECEBFE04} = {8782A6D2-30DE-4725-8C7B-C085738A9014}
		{5195FF2B-1732-4EF3-A843-9F28FC7A8D99} = {802EE5C1-FFF3-4BF6-97B0-B72DF9350890}
		{2548816B-AEAD-4FB2-9EBD-C5E7AB53DE65} = {69DFCB1E-89C8-4DCE-82DE-8E5A13DE9820}
		{3FB8CAB0-8BAF-4EDC-B2B8-3C87196282A5} = {31178BA8-BE59-44AF-B181-EB391CE7B580}
		{CD1E4DA4-D078-4A6B-9C07-DF38377B5D63} = {31178BA8-BE59-44AF-B181-EB391CE7B580}
		{AD0FAB63-0E69-4B1D-9697-BD46C0A5575F} = {31178BA8-BE59-44AF-B181-EB391CE7B580}
		{31178BA8-BE59-44AF-B181-EB391CE7B580} = {8782A6D2-30DE-4725-8C7B-C085738A9014}
		{1C6B4F8A-68E2-4E06-B28F-254F458877DE} = {31178BA8-BE59-44AF-B181-EB391CE7B580}
		{F81DFFD4-B569-4D78-A9C6-D83341ACC349} = {802EE5C1-FFF3-4BF6-97B0-B72DF9350890}
		{802EE5C1-FFF3-4BF6-97B0-B72DF9350890} = {8782A6D2-30DE-4725-8C7B-C085738A9014}
		{742B8A47-F1DF-4975-8C9F-00670B297E78} = {98CD1A87-4AF2-4E26-A796-9B6014F41129}
		{D347E2C5-9260-4E5B-8458-8117942E5AED} = {219D0E58-CFCA-4657-B488-2BAA0571D991}
		{869EB4D1-9604-4E7D-8D8B-D5641D5E31C7} = {98CD1A87-4AF2-4E26-A796-9B6014F41129}
		{9800E06E-9818-442F-B5DA-04204A376639} = {31178BA8-BE59-44AF-B181-EB391CE7B580}
		{9C426BCA-60F8-4727-92AC-05300F05E443} = {98CD1A87-4AF2-4E26-A796-9B6014F41129}
		{801D502D-B0A8-44C7-A576-66A8951A7A78} = {8782A6D2-30DE-4725-8C7B-C085738A9014}
		{6A95151E-5212-4298-9935-8A287F5DFB49} = {8782A6D2-30DE-4725-8C7B-C085738A9014}
		{697B73DB-67C5-4C74-AFD3-E0A00398321C} = {5A0DAB44-86A5-4448-AFE7-8ABB0ED9CC19}
		{8AEBF6BA-DE85-4C81-95DD-249138EE65E9} = {5A0DAB44-86A5-4448-AFE7-8ABB0ED9CC19}
		{A45944CA-4476-4557-A247-A485929CAB1D} = {31178BA8-BE59-44AF-B181-EB391CE7B580}
	EndGlobalSection
	GlobalSection(ExtensibilityGlobals) = postSolution
		SolutionGuid = {7CB9FA6A-5909-4F90-B874-6E2317139337}
	EndGlobalSection
EndGlobal
