
Microsoft Visual Studio Solution File, Format Version 12.00
# Visual Studio 15
VisualStudioVersion = 15.0.27004.2002
MinimumVisualStudioVersion = 10.0.40219.1
Project("{9A19103F-16F7-4668-BE54-9A1E7A4F7556}") = "bgTeam.Core", "src\bgTeam.Core\bgTeam.Core.csproj", "{376939B6-B2F0-4CA7-9A3E-48E193AA906F}"
EndProject
Project("{2150E333-8FDC-42A3-9474-1A3956D46DE8}") = "Main", "Main", "{69DFCB1E-89C8-4DCE-82DE-8E5A13DE9820}"
EndProject
Project("{9A19103F-16F7-4668-BE54-9A1E7A4F7556}") = "bgTeam.DapperExtensions", "src\bgTeam.DapperExtensions\bgTeam.DapperExtensions.csproj", "{596FABD2-A681-4BA6-A7EA-2F0BA853B250}"
EndProject
Project("{9A19103F-16F7-4668-BE54-9A1E7A4F7556}") = "bgTeam.DataAccess", "src\bgTeam.DataAccess\bgTeam.DataAccess.csproj", "{AC8A6101-D6AE-44D8-B60D-E0E7E8758B0F}"
EndProject
Project("{9A19103F-16F7-4668-BE54-9A1E7A4F7556}") = "bgTeam.Web", "src\bgTeam.Web\bgTeam.Web.csproj", "{C69E61C8-3102-4409-8726-DE3AA72D1C19}"
EndProject
Project("{2150E333-8FDC-42A3-9474-1A3956D46DE8}") = "Tests", "Tests", "{98CD1A87-4AF2-4E26-A796-9B6014F41129}"
EndProject
Project("{9A19103F-16F7-4668-BE54-9A1E7A4F7556}") = "Test.bgTeam.Web", "tests\Test.bgTeam.Web\Test.bgTeam.Web.csproj", "{C187CD3B-0680-4C2F-82F2-AD1FACE67355}"
EndProject
Project("{9A19103F-16F7-4668-BE54-9A1E7A4F7556}") = "bgTeam.Infrastructure", "src\bgTeam.Infrastructure\bgTeam.Infrastructure.csproj", "{CAFB02B1-4CB4-4B30-AC2F-43F8795ADF04}"
EndProject
Project("{9A19103F-16F7-4668-BE54-9A1E7A4F7556}") = "Test.bgTeam.Core", "tests\Test.bgTeam.Core\Test.bgTeam.Core.csproj", "{A0DFC179-4239-4489-B4EF-AA1DF9D192A4}"
EndProject
Project("{2150E333-8FDC-42A3-9474-1A3956D46DE8}") = "Items", "Items", "{A1E57A12-E301-41F4-8E16-FB43377454FE}"
	ProjectSection(SolutionItems) = preProject
		appveyor.yml = appveyor.yml
		README.md = README.md
	EndProjectSection
EndProject
Project("{2150E333-8FDC-42A3-9474-1A3956D46DE8}") = "build", "build", "{A7A63DD1-4260-4402-84D7-B70F22FA66B7}"
	ProjectSection(SolutionItems) = preProject
		build\build.cake = build\build.cake
		build\build.ps1 = build\build.ps1
		build\build.sh = build\build.sh
	EndProjectSection
EndProject
Global
	GlobalSection(SolutionConfigurationPlatforms) = preSolution
		Debug|Any CPU = Debug|Any CPU
		Release|Any CPU = Release|Any CPU
	EndGlobalSection
	GlobalSection(ProjectConfigurationPlatforms) = postSolution
		{376939B6-B2F0-4CA7-9A3E-48E193AA906F}.Debug|Any CPU.ActiveCfg = Debug|Any CPU
		{376939B6-B2F0-4CA7-9A3E-48E193AA906F}.Debug|Any CPU.Build.0 = Debug|Any CPU
		{376939B6-B2F0-4CA7-9A3E-48E193AA906F}.Release|Any CPU.ActiveCfg = Release|Any CPU
		{376939B6-B2F0-4CA7-9A3E-48E193AA906F}.Release|Any CPU.Build.0 = Release|Any CPU
		{596FABD2-A681-4BA6-A7EA-2F0BA853B250}.Debug|Any CPU.ActiveCfg = Debug|Any CPU
		{596FABD2-A681-4BA6-A7EA-2F0BA853B250}.Debug|Any CPU.Build.0 = Debug|Any CPU
		{596FABD2-A681-4BA6-A7EA-2F0BA853B250}.Release|Any CPU.ActiveCfg = Release|Any CPU
		{596FABD2-A681-4BA6-A7EA-2F0BA853B250}.Release|Any CPU.Build.0 = Release|Any CPU
		{AC8A6101-D6AE-44D8-B60D-E0E7E8758B0F}.Debug|Any CPU.ActiveCfg = Debug|Any CPU
		{AC8A6101-D6AE-44D8-B60D-E0E7E8758B0F}.Debug|Any CPU.Build.0 = Debug|Any CPU
		{AC8A6101-D6AE-44D8-B60D-E0E7E8758B0F}.Release|Any CPU.ActiveCfg = Release|Any CPU
		{AC8A6101-D6AE-44D8-B60D-E0E7E8758B0F}.Release|Any CPU.Build.0 = Release|Any CPU
		{C69E61C8-3102-4409-8726-DE3AA72D1C19}.Debug|Any CPU.ActiveCfg = Debug|Any CPU
		{C69E61C8-3102-4409-8726-DE3AA72D1C19}.Debug|Any CPU.Build.0 = Debug|Any CPU
		{C69E61C8-3102-4409-8726-DE3AA72D1C19}.Release|Any CPU.ActiveCfg = Release|Any CPU
		{C69E61C8-3102-4409-8726-DE3AA72D1C19}.Release|Any CPU.Build.0 = Release|Any CPU
		{C187CD3B-0680-4C2F-82F2-AD1FACE67355}.Debug|Any CPU.ActiveCfg = Debug|Any CPU
		{C187CD3B-0680-4C2F-82F2-AD1FACE67355}.Debug|Any CPU.Build.0 = Debug|Any CPU
		{C187CD3B-0680-4C2F-82F2-AD1FACE67355}.Release|Any CPU.ActiveCfg = Release|Any CPU
		{C187CD3B-0680-4C2F-82F2-AD1FACE67355}.Release|Any CPU.Build.0 = Release|Any CPU
		{CAFB02B1-4CB4-4B30-AC2F-43F8795ADF04}.Debug|Any CPU.ActiveCfg = Debug|Any CPU
		{CAFB02B1-4CB4-4B30-AC2F-43F8795ADF04}.Debug|Any CPU.Build.0 = Debug|Any CPU
		{CAFB02B1-4CB4-4B30-AC2F-43F8795ADF04}.Release|Any CPU.ActiveCfg = Release|Any CPU
		{CAFB02B1-4CB4-4B30-AC2F-43F8795ADF04}.Release|Any CPU.Build.0 = Release|Any CPU
		{A0DFC179-4239-4489-B4EF-AA1DF9D192A4}.Debug|Any CPU.ActiveCfg = Debug|Any CPU
		{A0DFC179-4239-4489-B4EF-AA1DF9D192A4}.Debug|Any CPU.Build.0 = Debug|Any CPU
		{A0DFC179-4239-4489-B4EF-AA1DF9D192A4}.Release|Any CPU.ActiveCfg = Release|Any CPU
		{A0DFC179-4239-4489-B4EF-AA1DF9D192A4}.Release|Any CPU.Build.0 = Release|Any CPU
	EndGlobalSection
	GlobalSection(SolutionProperties) = preSolution
		HideSolutionNode = FALSE
	EndGlobalSection
	GlobalSection(NestedProjects) = preSolution
		{376939B6-B2F0-4CA7-9A3E-48E193AA906F} = {69DFCB1E-89C8-4DCE-82DE-8E5A13DE9820}
		{596FABD2-A681-4BA6-A7EA-2F0BA853B250} = {69DFCB1E-89C8-4DCE-82DE-8E5A13DE9820}
		{AC8A6101-D6AE-44D8-B60D-E0E7E8758B0F} = {69DFCB1E-89C8-4DCE-82DE-8E5A13DE9820}
		{C69E61C8-3102-4409-8726-DE3AA72D1C19} = {69DFCB1E-89C8-4DCE-82DE-8E5A13DE9820}
		{C187CD3B-0680-4C2F-82F2-AD1FACE67355} = {98CD1A87-4AF2-4E26-A796-9B6014F41129}
		{CAFB02B1-4CB4-4B30-AC2F-43F8795ADF04} = {69DFCB1E-89C8-4DCE-82DE-8E5A13DE9820}
		{A0DFC179-4239-4489-B4EF-AA1DF9D192A4} = {98CD1A87-4AF2-4E26-A796-9B6014F41129}
		{A7A63DD1-4260-4402-84D7-B70F22FA66B7} = {A1E57A12-E301-41F4-8E16-FB43377454FE}
	EndGlobalSection
	GlobalSection(ExtensibilityGlobals) = postSolution
		SolutionGuid = {7CB9FA6A-5909-4F90-B874-6E2317139337}
	EndGlobalSection
EndGlobal
